
Microsoft Visual Studio Solution File, Format Version 12.00
# Visual Studio Version 16
VisualStudioVersion = 16.0.32510.428
MinimumVisualStudioVersion = 10.0.40219.1
Project("{FAE04EC0-301F-11D3-BF4B-00C04F79EFBC}") = "Cadastro", "Cadastro.csproj", "{B2B140FC-011D-49C0-A346-2AFFC7D64C96}"
EndProject
Project("{FAE04EC0-301F-11D3-BF4B-00C04F79EFBC}") = "Cadastro.Tests", "..\Cadastro.Tests\Cadastro.Tests.csproj", "{79677218-4F67-452E-AD69-1CEDEC113D9B}"
EndProject
Global
	GlobalSection(SolutionConfigurationPlatforms) = preSolution
		Debug|Any CPU = Debug|Any CPU
		Release|Any CPU = Release|Any CPU
	EndGlobalSection
	GlobalSection(ProjectConfigurationPlatforms) = postSolution
		{B2B140FC-011D-49C0-A346-2AFFC7D64C96}.Debug|Any CPU.ActiveCfg = Debug|Any CPU
		{B2B140FC-011D-49C0-A346-2AFFC7D64C96}.Debug|Any CPU.Build.0 = Debug|Any CPU
		{B2B140FC-011D-49C0-A346-2AFFC7D64C96}.Release|Any CPU.ActiveCfg = Release|Any CPU
		{B2B140FC-011D-49C0-A346-2AFFC7D64C96}.Release|Any CPU.Build.0 = Release|Any CPU
		{79677218-4F67-452E-AD69-1CEDEC113D9B}.Debug|Any CPU.ActiveCfg = Debug|Any CPU
		{79677218-4F67-452E-AD69-1CEDEC113D9B}.Debug|Any CPU.Build.0 = Debug|Any CPU
		{79677218-4F67-452E-AD69-1CEDEC113D9B}.Release|Any CPU.ActiveCfg = Release|Any CPU
		{79677218-4F67-452E-AD69-1CEDEC113D9B}.Release|Any CPU.Build.0 = Release|Any CPU
	EndGlobalSection
	GlobalSection(SolutionProperties) = preSolution
		HideSolutionNode = FALSE
	EndGlobalSection
	GlobalSection(ExtensibilityGlobals) = postSolution
		SolutionGuid = {C5D9A79E-067D-40BA-BFBE-7C9B2416BED9}
	EndGlobalSection
EndGlobal
